
Microsoft Visual Studio Solution File, Format Version 12.00
# Visual Studio 15
VisualStudioVersion = 15.0.27323.2
MinimumVisualStudioVersion = 10.0.40219.1
Project("{151D2E53-A2C4-4D7D-83FE-D05416EBD58E}") = "DataAnalytics", "DataAnalytics\DataAnalytics.deployproj", "{22125F6B-DF5D-4066-88CF-B4E208B7573F}"
EndProject
Project("{FAE04EC0-301F-11D3-BF4B-00C04F79EFBC}") = "cosmosDBLoad", "cosmosDBLoad\cosmosDBLoad.csproj", "{B4577AF8-275C-4723-9771-03F1B073157F}"
EndProject
Global
	GlobalSection(SolutionConfigurationPlatforms) = preSolution
		Debug|Any CPU = Debug|Any CPU
		Release|Any CPU = Release|Any CPU
	EndGlobalSection
	GlobalSection(ProjectConfigurationPlatforms) = postSolution
		{22125F6B-DF5D-4066-88CF-B4E208B7573F}.Debug|Any CPU.ActiveCfg = Debug|Any CPU
		{22125F6B-DF5D-4066-88CF-B4E208B7573F}.Debug|Any CPU.Build.0 = Debug|Any CPU
		{22125F6B-DF5D-4066-88CF-B4E208B7573F}.Release|Any CPU.ActiveCfg = Release|Any CPU
		{22125F6B-DF5D-4066-88CF-B4E208B7573F}.Release|Any CPU.Build.0 = Release|Any CPU
		{B4577AF8-275C-4723-9771-03F1B073157F}.Debug|Any CPU.ActiveCfg = Debug|Any CPU
		{B4577AF8-275C-4723-9771-03F1B073157F}.Debug|Any CPU.Build.0 = Debug|Any CPU
		{B4577AF8-275C-4723-9771-03F1B073157F}.Release|Any CPU.ActiveCfg = Release|Any CPU
		{B4577AF8-275C-4723-9771-03F1B073157F}.Release|Any CPU.Build.0 = Release|Any CPU
	EndGlobalSection
	GlobalSection(SolutionProperties) = preSolution
		HideSolutionNode = FALSE
	EndGlobalSection
	GlobalSection(ExtensibilityGlobals) = postSolution
		SolutionGuid = {F12CA91D-4D25-487F-A485-39E1FC7911EC}
	EndGlobalSection
EndGlobal
